[[package]]
category = "main"
description = "Library of static methods for colouring text in terminal output"
name = "ansi-colours"
optional = false
python-versions = "*"
version = "0.2.6"

[[package]]
category = "main"
description = "Atomic file writes."
name = "atomicwrites"
optional = false
python-versions = ">=2.7, !=3.0.*, !=3.1.*, !=3.2.*, !=3.3.*"
version = "1.2.1"

[[package]]
category = "main"
description = "Classes Without Boilerplate"
name = "attrs"
optional = false
python-versions = "*"
version = "18.2.0"

[package.extras]
dev = ["coverage", "hypothesis", "pympler", "pytest", "six", "zope.interface", "sphinx", "zope.interface", "pre-commit"]
docs = ["sphinx", "zope.interface"]
tests = ["coverage", "hypothesis", "pympler", "pytest", "six", "zope.interface"]

[[package]]
category = "main"
description = "An easy safelist-based HTML-sanitizing tool."
name = "bleach"
optional = false
python-versions = ">=2.7, !=3.0.*, !=3.1.*, !=3.2.*, !=3.3.*"
version = "3.0.2"

[package.dependencies]
six = "*"
webencodings = "*"

[[package]]
category = "main"
description = "Python package for providing Mozilla's CA Bundle."
name = "certifi"
optional = false
python-versions = "*"
version = "2018.10.15"

[[package]]
category = "main"
description = "Universal encoding detector for Python 2 and 3"
name = "chardet"
optional = false
python-versions = "*"
version = "3.0.4"

[[package]]
category = "main"
description = "Hosted coverage reports for Github, Bitbucket and Gitlab"
name = "codecov"
optional = false
python-versions = "*"
version = "2.0.15"

[package.dependencies]
coverage = "*"
requests = ">=2.7.9"

[[package]]
category = "main"
description = "Cross-platform colored terminal text."
name = "colorama"
optional = false
python-versions = ">=2.7, !=3.0.*, !=3.1.*, !=3.2.*, !=3.3.*"
version = "0.4.0"

[[package]]
category = "main"
description = "Code coverage measurement for Python"
name = "coverage"
optional = false
python-versions = ">=2.6, !=3.0.*, !=3.1.*, !=3.2.*, <4"
version = "4.5.1"

[[package]]
category = "main"
description = "Docutils -- Python Documentation Utilities"
name = "docutils"
optional = false
python-versions = "*"
version = "0.14"

[[package]]
category = "main"
description = "Internationalized Domain Names in Applications (IDNA)"
name = "idna"
optional = false
python-versions = "*"
version = "2.7"

[[package]]
category = "main"
description = "More routines for operating on iterables, beyond itertools"
name = "more-itertools"
optional = false
python-versions = "*"
version = "4.3.0"

[package.dependencies]
six = ">=1.0.0,<2.0.0"

[[package]]
category = "main"
description = "Object-oriented filesystem paths"
name = "pathlib2"
optional = false
python-versions = "*"
version = "2.3.2"

[package.dependencies]
six = "*"

[[package]]
category = "main"
description = "Query metadatdata from sdists / bdists / installed packages."
name = "pkginfo"
optional = false
python-versions = "*"
version = "1.4.2"

[package.extras]
testing = ["nose", "coverage"]

[[package]]
category = "main"
description = "plugin and hook calling mechanisms for python"
name = "pluggy"
optional = false
python-versions = ">=2.7, !=3.0.*, !=3.1.*, !=3.2.*, !=3.3.*"
version = "0.8.0"

[package.extras]
dev = ["pre-commit", "tox"]

[[package]]
category = "main"
description = "library with cross-python path, ini-parsing, io, code, log facilities"
name = "py"
optional = false
python-versions = ">=2.7, !=3.0.*, !=3.1.*, !=3.2.*, !=3.3.*"
version = "1.7.0"

[[package]]
category = "main"
description = "Pygments is a syntax highlighting package written in Python."
name = "pygments"
optional = false
python-versions = "*"
version = "2.2.0"

[[package]]
category = "main"
description = "pytest: simple powerful testing with Python"
name = "pytest"
optional = false
python-versions = ">=2.7, !=3.0.*, !=3.1.*, !=3.2.*, !=3.3.*"
version = "3.10.0"

[package.dependencies]
atomicwrites = ">=1.0"
attrs = ">=17.4.0"
colorama = "*"
more-itertools = ">=4.0.0"
pluggy = ">=0.7"
py = ">=1.5.0"
setuptools = "*"
six = ">=1.10.0"

[[package]]
category = "main"
description = "Pytest plugin for measuring coverage."
name = "pytest-cov"
optional = false
python-versions = ">=2.7, !=3.0.*, !=3.1.*, !=3.2.*, !=3.3.*"
version = "2.6.0"

[package.dependencies]
coverage = ">=4.4"
pytest = ">=2.9"

[[package]]
category = "main"
description = "Thin-wrapper around the mock package for easier use with py.test"
name = "pytest-mock"
optional = false
python-versions = ">=2.7, !=3.0.*, !=3.1.*, !=3.2.*, !=3.3.*"
version = "1.10.0"

[package.dependencies]
pytest = ">=2.7"

[[package]]
category = "main"
description = "readme_renderer is a library for rendering \"readme\" descriptions for Warehouse"
name = "readme-renderer"
optional = false
python-versions = "*"
version = "24.0"

[package.dependencies]
Pygments = "*"
bleach = ">=2.1.0"
docutils = ">=0.13.1"
six = "*"

[package.extras]
md = ["cmarkgfm (>=0.2.0)"]

[[package]]
category = "main"
description = "Python HTTP for Humans."
name = "requests"
optional = false
python-versions = ">=2.7, !=3.0.*, !=3.1.*, !=3.2.*, !=3.3.*"
version = "2.20.1"

[package.dependencies]
certifi = ">=2017.4.17"
chardet = ">=3.0.2,<3.1.0"
idna = ">=2.5,<2.8"
urllib3 = ">=1.21.1,<1.25"

[package.extras]
security = ["pyOpenSSL (>=0.14)", "cryptography (>=1.3.4)", "idna (>=2.0.0)"]
socks = ["PySocks (>=1.5.6,<1.5.7 || >1.5.7)", "win-inet-pton"]

[[package]]
category = "main"
description = "A utility belt for advanced users of python-requests"
name = "requests-toolbelt"
optional = false
python-versions = "*"
version = "0.8.0"

[package.dependencies]
requests = ">=2.0.1,<3.0.0"

[[package]]
category = "main"
description = "Python 2 and 3 compatibility utilities"
name = "six"
optional = false
python-versions = "*"
version = "1.11.0"

[[package]]
category = "main"
description = "Very simple text templating view for Python"
name = "text-template"
optional = false
python-versions = "*"
version = "0.1.4"

[package.dependencies]
ansi-colours = "*"

[[package]]
category = "main"
description = "Fast, Extensible Progress Meter"
name = "tqdm"
optional = false
python-versions = ">=2.6, !=3.0.*, !=3.1.*"
version = "4.28.1"

[[package]]
category = "main"
description = "Collection of utilities for publishing packages on PyPI"
name = "twine"
optional = false
python-versions = "*"
version = "1.12.1"

[package.dependencies]
pkginfo = ">=1.4.2"
readme-renderer = ">=21.0"
requests = ">=2.5.0,<2.15 || >2.15,<2.16 || >2.16"
requests-toolbelt = ">=0.8.0"
setuptools = ">=0.7.0"
tqdm = ">=4.14"

[package.extras]
keyring = ["keyring"]
with-blake2 = ["pyblake2"]

[[package]]
category = "main"
description = "HTTP library with thread-safe connection pooling, file post, and more."
name = "urllib3"
optional = false
python-versions = ">=2.7, !=3.0.*, !=3.1.*, !=3.2.*, !=3.3.*, <4"
version = "1.24.1"

[package.extras]
secure = ["pyOpenSSL (>=0.14)", "cryptography (>=1.3.4)", "idna (>=2.0.0)", "certifi", "ipaddress"]
socks = ["PySocks (>=1.5.6,<1.5.7 || >1.5.7,<2.0)"]

[[package]]
category = "main"
description = "Character encoding aliases for legacy web content"
name = "webencodings"
optional = false
python-versions = "*"
version = "0.5.1"

[metadata]
content-hash = "215845b6c4c7bd9326895e95b913288ee15290e397f805ac66068f160934777d"
python-versions = "^3.8"

[metadata.files]
ansi-colours = [
    {file = "ansi_colours-0.2.6-py2.py3-none-any.whl", hash = "sha256:f24645819f25ba58f8dba420b65eba49e6c6b5965143198d400268d54c501a41"},
    {file = "ansi_colours-0.2.6.tar.gz", hash = "sha256:5a4ebabaa89f91d67491ccdebf74574bbb3ad38a27dc950321853dba6a808fa7"},
]
atomicwrites = [
    {file = "atomicwrites-1.2.1-py2.py3-none-any.whl", hash = "sha256:0312ad34fcad8fac3704d441f7b317e50af620823353ec657a53e981f92920c0"},
    {file = "atomicwrites-1.2.1.tar.gz", hash = "sha256:ec9ae8adaae229e4f8446952d204a3e4b5fdd2d099f9be3aaf556120135fb3ee"},
]
attrs = [
    {file = "attrs-18.2.0-py2.py3-none-any.whl", hash = "sha256:ca4be454458f9dec299268d472aaa5a11f67a4ff70093396e1ceae9c76cf4bbb"},
    {file = "attrs-18.2.0.tar.gz", hash = "sha256:10cbf6e27dbce8c30807caf056c8eb50917e0eaafe86347671b57254006c3e69"},
]
bleach = [
    {file = "bleach-3.0.2-py2.py3-none-any.whl", hash = "sha256:73d26f018af5d5adcdabf5c1c974add4361a9c76af215fe32fdec8a6fc5fb9b9"},
    {file = "bleach-3.0.2.tar.gz", hash = "sha256:48d39675b80a75f6d1c3bdbffec791cf0bbbab665cf01e20da701c77de278718"},
]
certifi = [
    {file = "certifi-2018.10.15-py2.py3-none-any.whl", hash = "sha256:339dc09518b07e2fa7eda5450740925974815557727d6bd35d319c1524a04a4c"},
    {file = "certifi-2018.10.15.tar.gz", hash = "sha256:6d58c986d22b038c8c0df30d639f23a3e6d172a05c3583e766f4c0b785c0986a"},
]
chardet = [
    {file = "chardet-3.0.4-py2.py3-none-any.whl", hash = "sha256:fc323ffcaeaed0e0a02bf4d117757b98aed530d9ed4531e3e15460124c106691"},
    {file = "chardet-3.0.4.tar.gz", hash = "sha256:84ab92ed1c4d4f16916e05906b6b75a6c0fb5db821cc65e70cbd64a3e2a5eaae"},
]
codecov = [
    {file = "codecov-2.0.15-py2.py3-none-any.whl", hash = "sha256:ae00d68e18d8a20e9c3288ba3875ae03db3a8e892115bf9b83ef20507732bed4"},
    {file = "codecov-2.0.15.tar.gz", hash = "sha256:8ed8b7c6791010d359baed66f84f061bba5bd41174bf324c31311e8737602788"},
]
colorama = [
    {file = "colorama-0.4.0-py2.py3-none-any.whl", hash = "sha256:a3d89af5db9e9806a779a50296b5fdb466e281147c2c235e8225ecc6dbf7bbf3"},
    {file = "colorama-0.4.0.zip", hash = "sha256:c9b54bebe91a6a803e0772c8561d53f2926bfeb17cd141fbabcb08424086595c"},
]
coverage = [
    {file = "coverage-4.5.1-cp26-cp26m-macosx_10_10_x86_64.whl", hash = "sha256:7608a3dd5d73cb06c531b8925e0ef8d3de31fed2544a7de6c63960a1e73ea4bc"},
    {file = "coverage-4.5.1-cp27-cp27m-macosx_10_12_intel.whl", hash = "sha256:3a2184c6d797a125dca8367878d3b9a178b6fdd05fdc2d35d758c3006a1cd694"},
    {file = "coverage-4.5.1-cp27-cp27m-macosx_10_12_x86_64.whl", hash = "sha256:f3f501f345f24383c0000395b26b726e46758b71393267aeae0bd36f8b3ade80"},
    {file = "coverage-4.5.1-cp27-cp27m-manylinux1_i686.whl", hash = "sha256:0b136648de27201056c1869a6c0d4e23f464750fd9a9ba9750b8336a244429ed"},
    {file = "coverage-4.5.1-cp27-cp27m-manylinux1_x86_64.whl", hash = "sha256:337ded681dd2ef9ca04ef5d93cfc87e52e09db2594c296b4a0a3662cb1b41249"},
    {file = "coverage-4.5.1-cp27-cp27m-win32.whl", hash = "sha256:69bf008a06b76619d3c3f3b1983f5145c75a305a0fea513aca094cae5c40a8f5"},
    {file = "coverage-4.5.1-cp27-cp27m-win_amd64.whl", hash = "sha256:2eb564bbf7816a9d68dd3369a510be3327f1c618d2357fa6b1216994c2e3d508"},
    {file = "coverage-4.5.1-cp27-cp27mu-manylinux1_i686.whl", hash = "sha256:3eb42bf89a6be7deb64116dd1cc4b08171734d721e7a7e57ad64cc4ef29ed2f1"},
    {file = "coverage-4.5.1-cp27-cp27mu-manylinux1_x86_64.whl", hash = "sha256:be6cfcd8053d13f5f5eeb284aa8a814220c3da1b0078fa859011c7fffd86dab9"},
    {file = "coverage-4.5.1-cp33-cp33m-macosx_10_10_x86_64.whl", hash = "sha256:9d6dd10d49e01571bf6e147d3b505141ffc093a06756c60b053a859cb2128b1f"},
    {file = "coverage-4.5.1-cp33-cp33m-manylinux1_i686.whl", hash = "sha256:701cd6093d63e6b8ad7009d8a92425428bc4d6e7ab8d75efbb665c806c1d79ba"},
    {file = "coverage-4.5.1-cp33-cp33m-manylinux1_x86_64.whl", hash = "sha256:5a13ea7911ff5e1796b6d5e4fbbf6952381a611209b736d48e675c2756f3f74e"},
    {file = "coverage-4.5.1-cp34-cp34m-macosx_10_12_x86_64.whl", hash = "sha256:c1bb572fab8208c400adaf06a8133ac0712179a334c09224fb11393e920abcdd"},
    {file = "coverage-4.5.1-cp34-cp34m-manylinux1_i686.whl", hash = "sha256:03481e81d558d30d230bc12999e3edffe392d244349a90f4ef9b88425fac74ba"},
    {file = "coverage-4.5.1-cp34-cp34m-manylinux1_x86_64.whl", hash = "sha256:28b2191e7283f4f3568962e373b47ef7f0392993bb6660d079c62bd50fe9d162"},
    {file = "coverage-4.5.1-cp34-cp34m-win32.whl", hash = "sha256:de4418dadaa1c01d497e539210cb6baa015965526ff5afc078c57ca69160108d"},
    {file = "coverage-4.5.1-cp34-cp34m-win_amd64.whl", hash = "sha256:8c3cb8c35ec4d9506979b4cf90ee9918bc2e49f84189d9bf5c36c0c1119c6558"},
    {file = "coverage-4.5.1-cp35-cp35m-macosx_10_12_x86_64.whl", hash = "sha256:7e1fe19bd6dce69d9fd159d8e4a80a8f52101380d5d3a4d374b6d3eae0e5de9c"},
    {file = "coverage-4.5.1-cp35-cp35m-manylinux1_i686.whl", hash = "sha256:6bc583dc18d5979dc0f6cec26a8603129de0304d5ae1f17e57a12834e7235062"},
    {file = "coverage-4.5.1-cp35-cp35m-manylinux1_x86_64.whl", hash = "sha256:198626739a79b09fa0a2f06e083ffd12eb55449b5f8bfdbeed1df4910b2ca640"},
    {file = "coverage-4.5.1-cp35-cp35m-win32.whl", hash = "sha256:7aa36d2b844a3e4a4b356708d79fd2c260281a7390d678a10b91ca595ddc9e99"},
    {file = "coverage-4.5.1-cp35-cp35m-win_amd64.whl", hash = "sha256:3d72c20bd105022d29b14a7d628462ebdc61de2f303322c0212a054352f3b287"},
    {file = "coverage-4.5.1-cp36-cp36m-macosx_10_12_x86_64.whl", hash = "sha256:4635a184d0bbe537aa185a34193898eee409332a8ccb27eea36f262566585000"},
    {file = "coverage-4.5.1-cp36-cp36m-manylinux1_i686.whl", hash = "sha256:e05cb4d9aad6233d67e0541caa7e511fa4047ed7750ec2510d466e806e0255d6"},
    {file = "coverage-4.5.1-cp36-cp36m-manylinux1_x86_64.whl", hash = "sha256:76ecd006d1d8f739430ec50cc872889af1f9c1b6b8f48e29941814b09b0fd3cc"},
    {file = "coverage-4.5.1-cp36-cp36m-win32.whl", hash = "sha256:7d3f553904b0c5c016d1dad058a7554c7ac4c91a789fca496e7d8347ad040653"},
    {file = "coverage-4.5.1-cp36-cp36m-win_amd64.whl", hash = "sha256:3c79a6f7b95751cdebcd9037e4d06f8d5a9b60e4ed0cd231342aa8ad7124882a"},
    {file = "coverage-4.5.1-cp37-cp37m-macosx_10_13_x86_64.whl", hash = "sha256:23d341cdd4a0371820eb2b0bd6b88f5003a7438bbedb33688cd33b8eae59affd"},
    {file = "coverage-4.5.1-cp37-cp37m-manylinux1_i686.whl", hash = "sha256:10a46017fef60e16694a30627319f38a2b9b52e90182dddb6e37dcdab0f4bf95"},
    {file = "coverage-4.5.1-cp37-cp37m-manylinux1_x86_64.whl", hash = "sha256:2a5b73210bad5279ddb558d9a2bfedc7f4bf6ad7f3c988641d83c40293deaec1"},
    {file = "coverage-4.5.1-cp37-cp37m-win32.whl", hash = "sha256:0bf8cbbd71adfff0ef1f3a1531e6402d13b7b01ac50a79c97ca15f030dba6306"},
    {file = "coverage-4.5.1-cp37-cp37m-win_amd64.whl", hash = "sha256:f05a636b4564104120111800021a92e43397bc12a5c72fed7036be8556e0029e"},
    {file = "coverage-4.5.1.tar.gz", hash = "sha256:56e448f051a201c5ebbaa86a5efd0ca90d327204d8b059ab25ad0f35fbfd79f1"},
    {file = "coverage-4.5.1.win-amd64-py2.7.exe", hash = "sha256:9e112fcbe0148a6fa4f0a02e8d58e94470fc6cb82a5481618fea901699bf34c4"},
    {file = "coverage-4.5.1.win-amd64-py3.4.exe", hash = "sha256:15b111b6a0f46ee1a485414a52a7ad1d703bdf984e9ed3c288a4414d3871dcbd"},
    {file = "coverage-4.5.1.win-amd64-py3.5.exe", hash = "sha256:e4d96c07229f58cb686120f168276e434660e4358cc9cf3b0464210b04913e77"},
    {file = "coverage-4.5.1.win-amd64-py3.6.exe", hash = "sha256:f8a923a85cb099422ad5a2e345fe877bbc89a8a8b23235824a93488150e45f6e"},
    {file = "coverage-4.5.1.win32-py2.7.exe", hash = "sha256:ac4fef68da01116a5c117eba4dd46f2e06847a497de5ed1d64bb99a5fda1ef91"},
    {file = "coverage-4.5.1.win32-py3.4.exe", hash = "sha256:1c383d2ef13ade2acc636556fd544dba6e14fa30755f26812f54300e401f98f2"},
    {file = "coverage-4.5.1.win32-py3.5.exe", hash = "sha256:b8815995e050764c8610dbc82641807d196927c3dbed207f0a079833ffcf588d"},
    {file = "coverage-4.5.1.win32-py3.6.exe", hash = "sha256:104ab3934abaf5be871a583541e8829d6c19ce7bde2923b2751e0d3ca44db60a"},
]
docutils = [
    {file = "docutils-0.14-py2-none-any.whl", hash = "sha256:7a4bd47eaf6596e1295ecb11361139febe29b084a87bf005bf899f9a42edc3c6"},
    {file = "docutils-0.14-py3-none-any.whl", hash = "sha256:02aec4bd92ab067f6ff27a38a38a41173bf01bed8f89157768c1573f53e474a6"},
    {file = "docutils-0.14.tar.gz", hash = "sha256:51e64ef2ebfb29cae1faa133b3710143496eca21c530f3f71424d77687764274"},
]
idna = [
    {file = "idna-2.7-py2.py3-none-any.whl", hash = "sha256:156a6814fb5ac1fc6850fb002e0852d56c0c8d2531923a51032d1b70760e186e"},
    {file = "idna-2.7.tar.gz", hash = "sha256:684a38a6f903c1d71d6d5fac066b58d7768af4de2b832e426ec79c30daa94a16"},
]
more-itertools = [
    {file = "more-itertools-4.3.0.tar.gz", hash = "sha256:c476b5d3a34e12d40130bc2f935028b5f636df8f372dc2c1c01dc19681b2039e"},
    {file = "more_itertools-4.3.0-py2-none-any.whl", hash = "sha256:fcbfeaea0be121980e15bc97b3817b5202ca73d0eae185b4550cbfce2a3ebb3d"},
    {file = "more_itertools-4.3.0-py3-none-any.whl", hash = "sha256:c187a73da93e7a8acc0001572aebc7e3c69daf7bf6881a2cea10650bd4420092"},
]
pathlib2 = [
    {file = "pathlib2-2.3.2-py2.py3-none-any.whl", hash = "sha256:d1aa2a11ba7b8f7b21ab852b1fb5afb277e1bb99d5dfc663380b5015c0d80c5a"},
    {file = "pathlib2-2.3.2.tar.gz", hash = "sha256:8eb170f8d0d61825e09a95b38be068299ddeda82f35e96c3301a8a5e7604cb83"},
]
pkginfo = [
    {file = "pkginfo-1.4.2-py2.py3-none-any.whl", hash = "sha256:a39076cb3eb34c333a0dd390b568e9e1e881c7bf2cc0aee12120636816f55aee"},
    {file = "pkginfo-1.4.2.tar.gz", hash = "sha256:5878d542a4b3f237e359926384f1dde4e099c9f5525d236b1840cf704fa8d474"},
]
pluggy = [
    {file = "pluggy-0.8.0-py2.py3-none-any.whl", hash = "sha256:bde19360a8ec4dfd8a20dcb811780a30998101f078fc7ded6162f0076f50508f"},
    {file = "pluggy-0.8.0.tar.gz", hash = "sha256:447ba94990e8014ee25ec853339faf7b0fc8050cdc3289d4d71f7f410fb90095"},
]
py = [
    {file = "py-1.7.0-py2.py3-none-any.whl", hash = "sha256:e76826342cefe3c3d5f7e8ee4316b80d1dd8a300781612ddbc765c17ba25a6c6"},
    {file = "py-1.7.0.tar.gz", hash = "sha256:bf92637198836372b520efcba9e020c330123be8ce527e535d185ed4b6f45694"},
]
pygments = [
    {file = "Pygments-2.2.0-py2.py3-none-any.whl", hash = "sha256:78f3f434bcc5d6ee09020f92ba487f95ba50f1e3ef83ae96b9d5ffa1bab25c5d"},
    {file = "Pygments-2.2.0.tar.gz", hash = "sha256:dbae1046def0efb574852fab9e90209b23f556367b5a320c0bcb871c77c3e8cc"},
]
pytest = [
    {file = "pytest-3.10.0-py2.py3-none-any.whl", hash = "sha256:630ff1dbe04f469ee78faa5660f712e58b953da7df22ea5d828c9012e134da43"},
    {file = "pytest-3.10.0.tar.gz", hash = "sha256:a2b5232735dd0b736cbea9c0f09e5070d78fcaba2823a4f6f09d9a81bd19415c"},
]
pytest-cov = [
    {file = "pytest-cov-2.6.0.tar.gz", hash = "sha256:e360f048b7dae3f2f2a9a4d067b2dd6b6a015d384d1577c994a43f3f7cbad762"},
    {file = "pytest_cov-2.6.0-py2.py3-none-any.whl", hash = "sha256:513c425e931a0344944f84ea47f3956be0e416d95acbd897a44970c8d926d5d7"},
]
pytest-mock = [
    {file = "pytest-mock-1.10.0.tar.gz", hash = "sha256:d89a8209d722b8307b5e351496830d5cc5e192336003a485443ae9adeb7dd4c0"},
    {file = "pytest_mock-1.10.0-py2.py3-none-any.whl", hash = "sha256:53801e621223d34724926a5c98bd90e8e417ce35264365d39d6c896388dcc928"},
]
readme-renderer = [
    {file = "readme_renderer-24.0-py2.py3-none-any.whl", hash = "sha256:c8532b79afc0375a85f10433eca157d6b50f7d6990f337fa498c96cd4bfc203d"},
    {file = "readme_renderer-24.0.tar.gz", hash = "sha256:bb16f55b259f27f75f640acf5e00cf897845a8b3e4731b5c1a436e4b8529202f"},
]
requests = [
    {file = "requests-2.20.1-py2.py3-none-any.whl", hash = "sha256:65b3a120e4329e33c9889db89c80976c5272f56ea92d3e74da8a463992e3ff54"},
    {file = "requests-2.20.1.tar.gz", hash = "sha256:ea881206e59f41dbd0bd445437d792e43906703fff75ca8ff43ccdb11f33f263"},
]
requests-toolbelt = [
    {file = "requests-toolbelt-0.8.0.tar.gz", hash = "sha256:f6a531936c6fa4c6cfce1b9c10d5c4f498d16528d2a54a22ca00011205a187b5"},
    {file = "requests_toolbelt-0.8.0-py2.py3-none-any.whl", hash = "sha256:42c9c170abc2cacb78b8ab23ac957945c7716249206f90874651971a4acff237"},
]
six = [
    {file = "six-1.11.0-py2.py3-none-any.whl", hash = "sha256:832dc0e10feb1aa2c68dcc57dbb658f1c7e65b9b61af69048abc87a2db00a0eb"},
    {file = "six-1.11.0.tar.gz", hash = "sha256:70e8a77beed4562e7f14fe23a786b54f6296e34344c23bc42f07b15018ff98e9"},
]
text-template = [
    {file = "text_template-0.1.4-py2.py3-none-any.whl", hash = "sha256:620470cdd55b40af932d48d132ed7500aea81c8ff940bf61fafbc3fbadade3b3"},
    {file = "text_template-0.1.4.tar.gz", hash = "sha256:287e13261e15f9c0ed2f157343f4d5ece48a1a15d2f071348f387af9b6b761ea"},
]
tqdm = [
    {file = "tqdm-4.28.1-py2.py3-none-any.whl", hash = "sha256:3c4d4a5a41ef162dd61f1edb86b0e1c7859054ab656b2e7c7b77e7fbf6d9f392"},
    {file = "tqdm-4.28.1.tar.gz", hash = "sha256:5b4d5549984503050883bc126280b386f5f4ca87e6c023c5d015655ad75bdebb"},
]
twine = [
    {file = "twine-1.12.1-py2.py3-none-any.whl", hash = "sha256:fad6f1251195f7ddd1460cb76d6ea106c93adb4e56c41e0da79658e56e547d2c"},
    {file = "twine-1.12.1.tar.gz", hash = "sha256:7d89bc6acafb31d124e6e5b295ef26ac77030bf098960c2a4c4e058335827c5c"},
]
urllib3 = [
    {file = "urllib3-1.24.1-py2.py3-none-any.whl", hash = "sha256:61bf29cada3fc2fbefad4fdf059ea4bd1b4a86d2b6d15e1c7c0b582b9752fe39"},
    {file = "urllib3-1.24.1.tar.gz", hash = "sha256:de9529817c93f27c8ccbfead6985011db27bd0ddfcdb2d86f3f663385c6a9c22"},
]
webencodings = [
    {file = "webencodings-0.5.1-py2.py3-none-any.whl", hash = "sha256:a0af1213f3c2226497a97e2b3aa01a7e4bee4f403f95be16fc9acd2947514a78"},
    {file = "webencodings-0.5.1.tar.gz", hash = "sha256:b36a1c245f2d304965eb4e0a82848379241dc04b865afcc4aab16748587e1923"},
]
